
Microsoft Visual Studio Solution File, Format Version 12.00
# Visual Studio Version 17
VisualStudioVersion = 17.8.34112.27
MinimumVisualStudioVersion = 10.0.40219.1
Project("{2150E333-8FDC-42A3-9474-1A3956D46DE8}") = "src", "src", "{7766DDC1-B76F-44B0-9AA0-47681543D61F}"
EndProject
Project("{2150E333-8FDC-42A3-9474-1A3956D46DE8}") = "Core", "Core", "{70AC2DB8-61F7-424C-88B4-B4A54BCADA61}"
EndProject
Project("{2150E333-8FDC-42A3-9474-1A3956D46DE8}") = "External", "External", "{B866D069-BAB6-4468-8916-91FAEFBB3A94}"
EndProject
Project("{FAE04EC0-301F-11D3-BF4B-00C04F79EFBC}") = "Application", "Application\Application.csproj", "{5FC65847-6372-44F8-91F2-6FA9675CFFF6}"
EndProject
Project("{FAE04EC0-301F-11D3-BF4B-00C04F79EFBC}") = "Domain", "Domain\Domain.csproj", "{0130145C-B7D0-48D0-A55E-F133455569B1}"
EndProject
Project("{FAE04EC0-301F-11D3-BF4B-00C04F79EFBC}") = "Infrastructure", "Infrastructure\Infrastructure.csproj", "{A1E3EFA6-495E-4BCD-A65F-7D5F9DD13339}"
EndProject
Project("{FAE04EC0-301F-11D3-BF4B-00C04F79EFBC}") = "Presentation", "Presentation\Presentation.csproj", "{72ABA286-E068-4E6F-BCAE-48A443BC4225}"
EndProject
Project("{FAE04EC0-301F-11D3-BF4B-00C04F79EFBC}") = "Web", "Web\Web.csproj", "{E23F5DA2-BB72-44FB-8540-258F2EBB3D11}"
EndProject
Global
	GlobalSection(SolutionConfigurationPlatforms) = preSolution
		Debug|Any CPU = Debug|Any CPU
		Release|Any CPU = Release|Any CPU
	EndGlobalSection
	GlobalSection(ProjectConfigurationPlatforms) = postSolution
		{5FC65847-6372-44F8-91F2-6FA9675CFFF6}.Debug|Any CPU.ActiveCfg = Debug|Any CPU
		{5FC65847-6372-44F8-91F2-6FA9675CFFF6}.Debug|Any CPU.Build.0 = Debug|Any CPU
		{5FC65847-6372-44F8-91F2-6FA9675CFFF6}.Release|Any CPU.ActiveCfg = Release|Any CPU
		{5FC65847-6372-44F8-91F2-6FA9675CFFF6}.Release|Any CPU.Build.0 = Release|Any CPU
		{0130145C-B7D0-48D0-A55E-F133455569B1}.Debug|Any CPU.ActiveCfg = Debug|Any CPU
		{0130145C-B7D0-48D0-A55E-F133455569B1}.Debug|Any CPU.Build.0 = Debug|Any CPU
		{0130145C-B7D0-48D0-A55E-F133455569B1}.Release|Any CPU.ActiveCfg = Release|Any CPU
		{0130145C-B7D0-48D0-A55E-F133455569B1}.Release|Any CPU.Build.0 = Release|Any CPU
		{A1E3EFA6-495E-4BCD-A65F-7D5F9DD13339}.Debug|Any CPU.ActiveCfg = Debug|Any CPU
		{A1E3EFA6-495E-4BCD-A65F-7D5F9DD13339}.Debug|Any CPU.Build.0 = Debug|Any CPU
		{A1E3EFA6-495E-4BCD-A65F-7D5F9DD13339}.Release|Any CPU.ActiveCfg = Release|Any CPU
		{A1E3EFA6-495E-4BCD-A65F-7D5F9DD13339}.Release|Any CPU.Build.0 = Release|Any CPU
		{72ABA286-E068-4E6F-BCAE-48A443BC4225}.Debug|Any CPU.ActiveCfg = Debug|Any CPU
		{72ABA286-E068-4E6F-BCAE-48A443BC4225}.Debug|Any CPU.Build.0 = Debug|Any CPU
		{72ABA286-E068-4E6F-BCAE-48A443BC4225}.Release|Any CPU.ActiveCfg = Release|Any CPU
		{72ABA286-E068-4E6F-BCAE-48A443BC4225}.Release|Any CPU.Build.0 = Release|Any CPU
		{E23F5DA2-BB72-44FB-8540-258F2EBB3D11}.Debug|Any CPU.ActiveCfg = Debug|Any CPU
		{E23F5DA2-BB72-44FB-8540-258F2EBB3D11}.Debug|Any CPU.Build.0 = Debug|Any CPU
		{E23F5DA2-BB72-44FB-8540-258F2EBB3D11}.Release|Any CPU.ActiveCfg = Release|Any CPU
		{E23F5DA2-BB72-44FB-8540-258F2EBB3D11}.Release|Any CPU.Build.0 = Release|Any CPU
	EndGlobalSection
	GlobalSection(SolutionProperties) = preSolution
		HideSolutionNode = FALSE
	EndGlobalSection
	GlobalSection(NestedProjects) = preSolution
		{70AC2DB8-61F7-424C-88B4-B4A54BCADA61} = {7766DDC1-B76F-44B0-9AA0-47681543D61F}
		{B866D069-BAB6-4468-8916-91FAEFBB3A94} = {7766DDC1-B76F-44B0-9AA0-47681543D61F}
		{5FC65847-6372-44F8-91F2-6FA9675CFFF6} = {70AC2DB8-61F7-424C-88B4-B4A54BCADA61}
		{0130145C-B7D0-48D0-A55E-F133455569B1} = {70AC2DB8-61F7-424C-88B4-B4A54BCADA61}
		{A1E3EFA6-495E-4BCD-A65F-7D5F9DD13339} = {B866D069-BAB6-4468-8916-91FAEFBB3A94}
		{72ABA286-E068-4E6F-BCAE-48A443BC4225} = {B866D069-BAB6-4468-8916-91FAEFBB3A94}
		{E23F5DA2-BB72-44FB-8540-258F2EBB3D11} = {7766DDC1-B76F-44B0-9AA0-47681543D61F}
	EndGlobalSection
	GlobalSection(ExtensibilityGlobals) = postSolution
		SolutionGuid = {9FF49B04-9666-4A26-B610-ED44989A127E}
	EndGlobalSection
EndGlobal
